
Microsoft Visual Studio Solution File, Format Version 12.00
# Visual Studio Version 16
VisualStudioVersion = 16.0.33801.447
MinimumVisualStudioVersion = 10.0.40219.1
Project("{FAE04EC0-301F-11D3-BF4B-00C04F79EFBC}") = "ParametersAssignment", "ParametersAssignment\ParametersAssignment.csproj", "{4C00D342-33EA-4567-8581-3760D182DC23}"
EndProject
Global
	GlobalSection(SolutionConfigurationPlatforms) = preSolution
		Debug|Any CPU = Debug|Any CPU
		Release|Any CPU = Release|Any CPU
	EndGlobalSection
	GlobalSection(ProjectConfigurationPlatforms) = postSolution
		{4C00D342-33EA-4567-8581-3760D182DC23}.Debug|Any CPU.ActiveCfg = Debug|Any CPU
		{4C00D342-33EA-4567-8581-3760D182DC23}.Debug|Any CPU.Build.0 = Debug|Any CPU
		{4C00D342-33EA-4567-8581-3760D182DC23}.Release|Any CPU.ActiveCfg = Release|Any CPU
		{4C00D342-33EA-4567-8581-3760D182DC23}.Release|Any CPU.Build.0 = Release|Any CPU
	EndGlobalSection
	GlobalSection(SolutionProperties) = preSolution
		HideSolutionNode = FALSE
	EndGlobalSection
	GlobalSection(ExtensibilityGlobals) = postSolution
		SolutionGuid = {35D99DFB-6E24-4132-8271-6F15A26303B5}
	EndGlobalSection
EndGlobal
