
Microsoft Visual Studio Solution File, Format Version 12.00
# Visual Studio Version 16
VisualStudioVersion = 16.0.33801.447
MinimumVisualStudioVersion = 10.0.40219.1
Project("{FAE04EC0-301F-11D3-BF4B-00C04F79EFBC}") = "FileIOTest", "FileIOTest\FileIOTest.csproj", "{386B0521-28BB-4EE1-8B0D-38F9E762712B}"
EndProject
Global
	GlobalSection(SolutionConfigurationPlatforms) = preSolution
		Debug|Any CPU = Debug|Any CPU
		Release|Any CPU = Release|Any CPU
	EndGlobalSection
	GlobalSection(ProjectConfigurationPlatforms) = postSolution
		{386B0521-28BB-4EE1-8B0D-38F9E762712B}.Debug|Any CPU.ActiveCfg = Debug|Any CPU
		{386B0521-28BB-4EE1-8B0D-38F9E762712B}.Debug|Any CPU.Build.0 = Debug|Any CPU
		{386B0521-28BB-4EE1-8B0D-38F9E762712B}.Release|Any CPU.ActiveCfg = Release|Any CPU
		{386B0521-28BB-4EE1-8B0D-38F9E762712B}.Release|Any CPU.Build.0 = Release|Any CPU
	EndGlobalSection
	GlobalSection(SolutionProperties) = preSolution
		HideSolutionNode = FALSE
	EndGlobalSection
	GlobalSection(ExtensibilityGlobals) = postSolution
		SolutionGuid = {566FE670-5ACF-4F50-80A5-591DC87A2EC5}
	EndGlobalSection
EndGlobal
