
Microsoft Visual Studio Solution File, Format Version 12.00
# Visual Studio Version 16
VisualStudioVersion = 16.0.33801.447
MinimumVisualStudioVersion = 10.0.40219.1
Project("{FAE04EC0-301F-11D3-BF4B-00C04F79EFBC}") = "ParsingEnums", "ParsingEnums\ParsingEnums.csproj", "{473951CB-A4C5-4942-96D6-B35475966F52}"
EndProject
Project("{FAE04EC0-301F-11D3-BF4B-00C04F79EFBC}") = "ExceptionHandling", "..\ExceptionHandling\ExceptionHandling\ExceptionHandling.csproj", "{76F2071E-CE09-43F5-B283-27686ADBA488}"
EndProject
Global
	GlobalSection(SolutionConfigurationPlatforms) = preSolution
		Debug|Any CPU = Debug|Any CPU
		Release|Any CPU = Release|Any CPU
	EndGlobalSection
	GlobalSection(ProjectConfigurationPlatforms) = postSolution
		{473951CB-A4C5-4942-96D6-B35475966F52}.Debug|Any CPU.ActiveCfg = Debug|Any CPU
		{473951CB-A4C5-4942-96D6-B35475966F52}.Debug|Any CPU.Build.0 = Debug|Any CPU
		{473951CB-A4C5-4942-96D6-B35475966F52}.Release|Any CPU.ActiveCfg = Release|Any CPU
		{473951CB-A4C5-4942-96D6-B35475966F52}.Release|Any CPU.Build.0 = Release|Any CPU
		{76F2071E-CE09-43F5-B283-27686ADBA488}.Debug|Any CPU.ActiveCfg = Debug|Any CPU
		{76F2071E-CE09-43F5-B283-27686ADBA488}.Debug|Any CPU.Build.0 = Debug|Any CPU
		{76F2071E-CE09-43F5-B283-27686ADBA488}.Release|Any CPU.ActiveCfg = Release|Any CPU
		{76F2071E-CE09-43F5-B283-27686ADBA488}.Release|Any CPU.Build.0 = Release|Any CPU
	EndGlobalSection
	GlobalSection(SolutionProperties) = preSolution
		HideSolutionNode = FALSE
	EndGlobalSection
	GlobalSection(ExtensibilityGlobals) = postSolution
		SolutionGuid = {65827AE8-568B-474C-A968-7326B4943BE8}
	EndGlobalSection
EndGlobal
